{
  "requires": true,
  "lockfileVersion": 1,
  "dependencies": {
    "dgamboa-palindrome": {
      "version": "0.1.0",
      "resolved": "https://registry.npmjs.org/dgamboa-palindrome/-/dgamboa-palindrome-0.1.0.tgz",
      "integrity": "sha512-XTNSiAc4ZePc9mXMkRnHtBVT7XYygiuyk/a8D4JduYlWlE4KT0PuC56bvO24IcecB65lRPOE2qeneA+myLglGA=="
    }
  }
}
