{
  "requires": true,
  "lockfileVersion": 1,
  "dependencies": {
    "dgamboa-palindrome": {
      "version": "0.2.0",
      "resolved": "https://registry.npmjs.org/dgamboa-palindrome/-/dgamboa-palindrome-0.2.0.tgz",
      "integrity": "sha512-TEkL0I4LpSUdsYBSss0gxyHD1LGVB7Xm7A/wPu0ZFCW3fqW/AwN+RtGxc8fUTvtQsJu1n3XLvC4SGoEPCZarxg=="
    },
    "fs": {
      "version": "0.0.1-security",
      "resolved": "https://registry.npmjs.org/fs/-/fs-0.0.1-security.tgz",
      "integrity": "sha1-invTcYa23d84E/I4WLV+yq9eQdQ="
    }
  }
}
